
Microsoft Visual Studio Solution File, Format Version 12.00
# Visual Studio Version 16
VisualStudioVersion = 16.0.34601.136
MinimumVisualStudioVersion = 10.0.40219.1
Project("{FAE04EC0-301F-11D3-BF4B-00C04F79EFBC}") = "ImageRecognition", "ImageRecognition\ImageRecognition.csproj", "{4894E467-5177-4EFF-B098-0A93B3722D60}"
EndProject
Global
	GlobalSection(SolutionConfigurationPlatforms) = preSolution
		Debug|Any CPU = Debug|Any CPU
		Release|Any CPU = Release|Any CPU
	EndGlobalSection
	GlobalSection(ProjectConfigurationPlatforms) = postSolution
		{4894E467-5177-4EFF-B098-0A93B3722D60}.Debug|Any CPU.ActiveCfg = Debug|Any CPU
		{4894E467-5177-4EFF-B098-0A93B3722D60}.Debug|Any CPU.Build.0 = Debug|Any CPU
		{4894E467-5177-4EFF-B098-0A93B3722D60}.Release|Any CPU.ActiveCfg = Release|Any CPU
		{4894E467-5177-4EFF-B098-0A93B3722D60}.Release|Any CPU.Build.0 = Release|Any CPU
	EndGlobalSection
	GlobalSection(SolutionProperties) = preSolution
		HideSolutionNode = FALSE
	EndGlobalSection
	GlobalSection(ExtensibilityGlobals) = postSolution
		SolutionGuid = {92C041BA-D5D1-48B4-B914-3A28DA595A33}
	EndGlobalSection
EndGlobal
